
Microsoft Visual Studio Solution File, Format Version 12.00
# Visual Studio Version 16
VisualStudioVersion = 16.0.28803.352
MinimumVisualStudioVersion = 10.0.40219.1
Project("{FAE04EC0-301F-11D3-BF4B-00C04F79EFBC}") = "DataStructure", "..\DataStructure1\DataStructure.csproj", "{D08FA887-8C64-47F8-80C8-186787E88142}"
EndProject
Project("{FAE04EC0-301F-11D3-BF4B-00C04F79EFBC}") = "DataStructure.Test", "..\DataStructure1.Test\DataStructure.Test.csproj", "{84EED567-6627-4A8F-994B-FFF123AB5EDB}"
EndProject
Global
	GlobalSection(SolutionConfigurationPlatforms) = preSolution
		Debug|Any CPU = Debug|Any CPU
		Release|Any CPU = Release|Any CPU
	EndGlobalSection
	GlobalSection(ProjectConfigurationPlatforms) = postSolution
		{D08FA887-8C64-47F8-80C8-186787E88142}.Debug|Any CPU.ActiveCfg = Debug|Any CPU
		{D08FA887-8C64-47F8-80C8-186787E88142}.Debug|Any CPU.Build.0 = Debug|Any CPU
		{D08FA887-8C64-47F8-80C8-186787E88142}.Release|Any CPU.ActiveCfg = Release|Any CPU
		{D08FA887-8C64-47F8-80C8-186787E88142}.Release|Any CPU.Build.0 = Release|Any CPU
		{84EED567-6627-4A8F-994B-FFF123AB5EDB}.Debug|Any CPU.ActiveCfg = Debug|Any CPU
		{84EED567-6627-4A8F-994B-FFF123AB5EDB}.Debug|Any CPU.Build.0 = Debug|Any CPU
		{84EED567-6627-4A8F-994B-FFF123AB5EDB}.Release|Any CPU.ActiveCfg = Release|Any CPU
		{84EED567-6627-4A8F-994B-FFF123AB5EDB}.Release|Any CPU.Build.0 = Release|Any CPU
	EndGlobalSection
	GlobalSection(SolutionProperties) = preSolution
		HideSolutionNode = FALSE
	EndGlobalSection
	GlobalSection(ExtensibilityGlobals) = postSolution
		SolutionGuid = {914AFD91-A97D-4715-AC20-272F6B5E25B1}
	EndGlobalSection
EndGlobal
